
Microsoft Visual Studio Solution File, Format Version 12.00
# Visual Studio Version 16
VisualStudioVersion = 16.0.29020.237
MinimumVisualStudioVersion = 10.0.40219.1
Project("{9A19103F-16F7-4668-BE54-9A1E7A4F7556}") = "EvoS.Framework", "EvoS.Framework\EvoS.Framework.csproj", "{E5B23BA2-747B-463D-BDF2-152FADA008DC}"
EndProject
Project("{9A19103F-16F7-4668-BE54-9A1E7A4F7556}") = "EvoS.DirectoryServerWeb", "EvoS.DirectoryServerWeb\EvoS.DirectoryServerWeb.csproj", "{A939FB71-1E7C-42BB-9C7F-B493D4CDA670}"
EndProject
Project("{FAE04EC0-301F-11D3-BF4B-00C04F79EFBC}") = "EvoS.LobbyServer", "EvoS.LobbyServer\EvoS.LobbyServer.csproj", "{9A0F90B1-C9F4-4D12-A552-8F4C687433A2}"
EndProject
Global
	GlobalSection(SolutionConfigurationPlatforms) = preSolution
		Debug|Any CPU = Debug|Any CPU
		Release|Any CPU = Release|Any CPU
	EndGlobalSection
	GlobalSection(ProjectConfigurationPlatforms) = postSolution
		{E5B23BA2-747B-463D-BDF2-152FADA008DC}.Debug|Any CPU.ActiveCfg = Debug|Any CPU
		{E5B23BA2-747B-463D-BDF2-152FADA008DC}.Debug|Any CPU.Build.0 = Debug|Any CPU
		{E5B23BA2-747B-463D-BDF2-152FADA008DC}.Release|Any CPU.ActiveCfg = Release|Any CPU
		{E5B23BA2-747B-463D-BDF2-152FADA008DC}.Release|Any CPU.Build.0 = Release|Any CPU
		{A939FB71-1E7C-42BB-9C7F-B493D4CDA670}.Debug|Any CPU.ActiveCfg = Debug|Any CPU
		{A939FB71-1E7C-42BB-9C7F-B493D4CDA670}.Debug|Any CPU.Build.0 = Debug|Any CPU
		{A939FB71-1E7C-42BB-9C7F-B493D4CDA670}.Release|Any CPU.ActiveCfg = Release|Any CPU
		{A939FB71-1E7C-42BB-9C7F-B493D4CDA670}.Release|Any CPU.Build.0 = Release|Any CPU
		{9A0F90B1-C9F4-4D12-A552-8F4C687433A2}.Debug|Any CPU.ActiveCfg = Debug|Any CPU
		{9A0F90B1-C9F4-4D12-A552-8F4C687433A2}.Debug|Any CPU.Build.0 = Debug|Any CPU
		{9A0F90B1-C9F4-4D12-A552-8F4C687433A2}.Release|Any CPU.ActiveCfg = Release|Any CPU
		{9A0F90B1-C9F4-4D12-A552-8F4C687433A2}.Release|Any CPU.Build.0 = Release|Any CPU
	EndGlobalSection
	GlobalSection(SolutionProperties) = preSolution
		HideSolutionNode = FALSE
	EndGlobalSection
	GlobalSection(ExtensibilityGlobals) = postSolution
		SolutionGuid = {6AC66561-C7D8-4184-A805-DE8473B60EDE}
	EndGlobalSection
EndGlobal
